
Microsoft Visual Studio Solution File, Format Version 12.00
# Visual Studio Version 17
VisualStudioVersion = 17.10.34928.147
MinimumVisualStudioVersion = 10.0.40219.1
Project("{FAE04EC0-301F-11D3-BF4B-00C04F79EFBC}") = "Avalonia.FilmTvSerieSystem", "Avalonia.FilmTvSerieSystem\Avalonia.FilmTvSerieSystem.csproj", "{A76AEE88-C7CA-42CE-A6CE-BE8F850F1703}"
EndProject
Global
	GlobalSection(SolutionConfigurationPlatforms) = preSolution
		Debug|Any CPU = Debug|Any CPU
		Release|Any CPU = Release|Any CPU
	EndGlobalSection
	GlobalSection(ProjectConfigurationPlatforms) = postSolution
		{A76AEE88-C7CA-42CE-A6CE-BE8F850F1703}.Debug|Any CPU.ActiveCfg = Debug|Any CPU
		{A76AEE88-C7CA-42CE-A6CE-BE8F850F1703}.Debug|Any CPU.Build.0 = Debug|Any CPU
		{A76AEE88-C7CA-42CE-A6CE-BE8F850F1703}.Release|Any CPU.ActiveCfg = Release|Any CPU
		{A76AEE88-C7CA-42CE-A6CE-BE8F850F1703}.Release|Any CPU.Build.0 = Release|Any CPU
	EndGlobalSection
	GlobalSection(SolutionProperties) = preSolution
		HideSolutionNode = FALSE
	EndGlobalSection
	GlobalSection(ExtensibilityGlobals) = postSolution
		SolutionGuid = {6D4269AB-9D6F-46D5-AA17-90AA3E77C2E5}
	EndGlobalSection
EndGlobal
